PODS:
  - NMapsMap (3.10.0)
  - SwiftLint (0.41.0)

DEPENDENCIES:
  - NMapsMap
  - SwiftLint

SPEC REPOS:
  trunk:
    - NMapsMap
    - SwiftLint

SPEC CHECKSUMS:
  NMapsMap: 17caab4af9a3fc5c25b79858de18bdeab1eaff87
  SwiftLint: c585ebd615d9520d7fbdbe151f527977b0534f1e

PODFILE CHECKSUM: d80e5d7f8d669694ba1553e4a3c1b27b28d34aa6

COCOAPODS: 1.10.0
